<?xml version="1.0" encoding="utf-8"?>
<Project ToolsVersion="16.0" xmlns="http://schemas.microsoft.com/developer/msbuild/2003">
  <ItemGroup>
    <ClCompile Include="D:\gdrive\github\collector\zipper\zlib\test\minigzip.c">
      <Filter>Source Files</Filter>
    </ClCompile>
  </ItemGroup>
  <ItemGroup>
    <CustomBuild Include="D:\gdrive\github\collector\zipper\zlib\CMakeLists.txt" />
  </ItemGroup>
  <ItemGroup>
    <Filter Include="Source Files">
      <UniqueIdentifier>{ADBDDB28-11A5-3CBA-A25B-F97CCF41A174}</UniqueIdentifier>
    </Filter>
  </ItemGroup>
</Project>
