<?xml version="1.0" encoding="utf-8"?>
<Project ToolsVersion="16.0" xmlns="http://schemas.microsoft.com/developer/msbuild/2003">
  <ItemGroup>
    <CustomBuild Include="D:\zipper\zlib\buildmsvc\CMakeFiles\f6ea9c8ec93afec81ad048a52784bb04\RUN_TESTS_force.rule">
      <Filter>CMake Rules</Filter>
    </CustomBuild>
  </ItemGroup>
  <ItemGroup>
    <Filter Include="CMake Rules">
      <UniqueIdentifier>{D0F03FF9-0C51-3A96-A6C9-8DF7BC248129}</UniqueIdentifier>
    </Filter>
  </ItemGroup>
</Project>
