<?xml version="1.0" encoding="utf-8"?>
<Project ToolsVersion="16.0" xmlns="http://schemas.microsoft.com/developer/msbuild/2003">
  <ItemGroup>
    <CustomBuild Include="D:\gdrive\github\collector\zipper\zlib\buildmsvc\CMakeFiles\bfa5ce4bd6166220f00bf0ce05698a38\RUN_TESTS_force.rule">
      <Filter>CMake Rules</Filter>
    </CustomBuild>
  </ItemGroup>
  <ItemGroup>
    <Filter Include="CMake Rules">
      <UniqueIdentifier>{097E9CF7-7D4F-38E8-9E76-6835CDF917FD}</UniqueIdentifier>
    </Filter>
  </ItemGroup>
</Project>
