
Microsoft Visual Studio Solution File, Format Version 12.00
# Visual Studio Version 16
Project("{8BC9CEB8-8B4A-11D0-8D11-00A0C91BC942}") = "ALL_BUILD", "ALL_BUILD.vcxproj", "{A666A7D0-A41A-3818-8A2E-74A94C87403A}"
	ProjectSection(ProjectDependencies) = postProject
		{FE82A476-A48E-3D21-BE86-3E7022E8D6D5} = {FE82A476-A48E-3D21-BE86-3E7022E8D6D5}
		{6B73DF25-7861-3489-AD36-7F3DAE3C8431} = {6B73DF25-7861-3489-AD36-7F3DAE3C8431}
		{9AB7FB1C-5883-32AA-953B-38261AE5B26C} = {9AB7FB1C-5883-32AA-953B-38261AE5B26C}
		{421D581A-B84C-3EC9-889F-55C106F7B72A} = {421D581A-B84C-3EC9-889F-55C106F7B72A}
		{6D027176-9E59-3A55-84DE-9A23DDDA0C91} = {6D027176-9E59-3A55-84DE-9A23DDDA0C91}
	EndProjectSection
EndProject
Project("{8BC9CEB8-8B4A-11D0-8D11-00A0C91BC942}") = "INSTALL", "INSTALL.vcxproj", "{C997310A-832E-3C5A-B732-9C8301872DF1}"
	ProjectSection(ProjectDependencies) = postProject
		{A666A7D0-A41A-3818-8A2E-74A94C87403A} = {A666A7D0-A41A-3818-8A2E-74A94C87403A}
		{FE82A476-A48E-3D21-BE86-3E7022E8D6D5} = {FE82A476-A48E-3D21-BE86-3E7022E8D6D5}
	EndProjectSection
EndProject
Project("{8BC9CEB8-8B4A-11D0-8D11-00A0C91BC942}") = "RUN_TESTS", "RUN_TESTS.vcxproj", "{08F79A93-6BF9-3387-B878-26EAA69C6033}"
	ProjectSection(ProjectDependencies) = postProject
		{FE82A476-A48E-3D21-BE86-3E7022E8D6D5} = {FE82A476-A48E-3D21-BE86-3E7022E8D6D5}
	EndProjectSection
EndProject
Project("{8BC9CEB8-8B4A-11D0-8D11-00A0C91BC942}") = "ZERO_CHECK", "ZERO_CHECK.vcxproj", "{FE82A476-A48E-3D21-BE86-3E7022E8D6D5}"
	ProjectSection(ProjectDependencies) = postProject
	EndProjectSection
EndProject
Project("{8BC9CEB8-8B4A-11D0-8D11-00A0C91BC942}") = "example", "example.vcxproj", "{6B73DF25-7861-3489-AD36-7F3DAE3C8431}"
	ProjectSection(ProjectDependencies) = postProject
		{FE82A476-A48E-3D21-BE86-3E7022E8D6D5} = {FE82A476-A48E-3D21-BE86-3E7022E8D6D5}
		{421D581A-B84C-3EC9-889F-55C106F7B72A} = {421D581A-B84C-3EC9-889F-55C106F7B72A}
	EndProjectSection
EndProject
Project("{8BC9CEB8-8B4A-11D0-8D11-00A0C91BC942}") = "minigzip", "minigzip.vcxproj", "{9AB7FB1C-5883-32AA-953B-38261AE5B26C}"
	ProjectSection(ProjectDependencies) = postProject
		{FE82A476-A48E-3D21-BE86-3E7022E8D6D5} = {FE82A476-A48E-3D21-BE86-3E7022E8D6D5}
		{421D581A-B84C-3EC9-889F-55C106F7B72A} = {421D581A-B84C-3EC9-889F-55C106F7B72A}
	EndProjectSection
EndProject
Project("{8BC9CEB8-8B4A-11D0-8D11-00A0C91BC942}") = "zlib", "zlib.vcxproj", "{421D581A-B84C-3EC9-889F-55C106F7B72A}"
	ProjectSection(ProjectDependencies) = postProject
		{FE82A476-A48E-3D21-BE86-3E7022E8D6D5} = {FE82A476-A48E-3D21-BE86-3E7022E8D6D5}
	EndProjectSection
EndProject
Project("{8BC9CEB8-8B4A-11D0-8D11-00A0C91BC942}") = "zlibstatic", "zlibstatic.vcxproj", "{6D027176-9E59-3A55-84DE-9A23DDDA0C91}"
	ProjectSection(ProjectDependencies) = postProject
		{FE82A476-A48E-3D21-BE86-3E7022E8D6D5} = {FE82A476-A48E-3D21-BE86-3E7022E8D6D5}
	EndProjectSection
EndProject
Global
	GlobalSection(SolutionConfigurationPlatforms) = preSolution
		Debug|Win32 = Debug|Win32
		Release|Win32 = Release|Win32
		MinSizeRel|Win32 = MinSizeRel|Win32
		RelWithDebInfo|Win32 = RelWithDebInfo|Win32
	EndGlobalSection
	GlobalSection(ProjectConfigurationPlatforms) = postSolution
		{A666A7D0-A41A-3818-8A2E-74A94C87403A}.Debug|Win32.ActiveCfg = Debug|Win32
		{A666A7D0-A41A-3818-8A2E-74A94C87403A}.Debug|Win32.Build.0 = Debug|Win32
		{A666A7D0-A41A-3818-8A2E-74A94C87403A}.Release|Win32.ActiveCfg = Release|Win32
		{A666A7D0-A41A-3818-8A2E-74A94C87403A}.Release|Win32.Build.0 = Release|Win32
		{A666A7D0-A41A-3818-8A2E-74A94C87403A}.MinSizeRel|Win32.ActiveCfg = MinSizeRel|Win32
		{A666A7D0-A41A-3818-8A2E-74A94C87403A}.MinSizeRel|Win32.Build.0 = MinSizeRel|Win32
		{A666A7D0-A41A-3818-8A2E-74A94C87403A}.RelWithDebInfo|Win32.ActiveCfg = RelWithDebInfo|Win32
		{A666A7D0-A41A-3818-8A2E-74A94C87403A}.RelWithDebInfo|Win32.Build.0 = RelWithDebInfo|Win32
		{C997310A-832E-3C5A-B732-9C8301872DF1}.Debug|Win32.ActiveCfg = Debug|Win32
		{C997310A-832E-3C5A-B732-9C8301872DF1}.Release|Win32.ActiveCfg = Release|Win32
		{C997310A-832E-3C5A-B732-9C8301872DF1}.MinSizeRel|Win32.ActiveCfg = MinSizeRel|Win32
		{C997310A-832E-3C5A-B732-9C8301872DF1}.RelWithDebInfo|Win32.ActiveCfg = RelWithDebInfo|Win32
		{08F79A93-6BF9-3387-B878-26EAA69C6033}.Debug|Win32.ActiveCfg = Debug|Win32
		{08F79A93-6BF9-3387-B878-26EAA69C6033}.Release|Win32.ActiveCfg = Release|Win32
		{08F79A93-6BF9-3387-B878-26EAA69C6033}.MinSizeRel|Win32.ActiveCfg = MinSizeRel|Win32
		{08F79A93-6BF9-3387-B878-26EAA69C6033}.RelWithDebInfo|Win32.ActiveCfg = RelWithDebInfo|Win32
		{FE82A476-A48E-3D21-BE86-3E7022E8D6D5}.Debug|Win32.ActiveCfg = Debug|Win32
		{FE82A476-A48E-3D21-BE86-3E7022E8D6D5}.Debug|Win32.Build.0 = Debug|Win32
		{FE82A476-A48E-3D21-BE86-3E7022E8D6D5}.Release|Win32.ActiveCfg = Release|Win32
		{FE82A476-A48E-3D21-BE86-3E7022E8D6D5}.Release|Win32.Build.0 = Release|Win32
		{FE82A476-A48E-3D21-BE86-3E7022E8D6D5}.MinSizeRel|Win32.ActiveCfg = MinSizeRel|Win32
		{FE82A476-A48E-3D21-BE86-3E7022E8D6D5}.MinSizeRel|Win32.Build.0 = MinSizeRel|Win32
		{FE82A476-A48E-3D21-BE86-3E7022E8D6D5}.RelWithDebInfo|Win32.ActiveCfg = RelWithDebInfo|Win32
		{FE82A476-A48E-3D21-BE86-3E7022E8D6D5}.RelWithDebInfo|Win32.Build.0 = RelWithDebInfo|Win32
		{6B73DF25-7861-3489-AD36-7F3DAE3C8431}.Debug|Win32.ActiveCfg = Debug|Win32
		{6B73DF25-7861-3489-AD36-7F3DAE3C8431}.Debug|Win32.Build.0 = Debug|Win32
		{6B73DF25-7861-3489-AD36-7F3DAE3C8431}.Release|Win32.ActiveCfg = Release|Win32
		{6B73DF25-7861-3489-AD36-7F3DAE3C8431}.Release|Win32.Build.0 = Release|Win32
		{6B73DF25-7861-3489-AD36-7F3DAE3C8431}.MinSizeRel|Win32.ActiveCfg = MinSizeRel|Win32
		{6B73DF25-7861-3489-AD36-7F3DAE3C8431}.MinSizeRel|Win32.Build.0 = MinSizeRel|Win32
		{6B73DF25-7861-3489-AD36-7F3DAE3C8431}.RelWithDebInfo|Win32.ActiveCfg = RelWithDebInfo|Win32
		{6B73DF25-7861-3489-AD36-7F3DAE3C8431}.RelWithDebInfo|Win32.Build.0 = RelWithDebInfo|Win32
		{9AB7FB1C-5883-32AA-953B-38261AE5B26C}.Debug|Win32.ActiveCfg = Debug|Win32
		{9AB7FB1C-5883-32AA-953B-38261AE5B26C}.Debug|Win32.Build.0 = Debug|Win32
		{9AB7FB1C-5883-32AA-953B-38261AE5B26C}.Release|Win32.ActiveCfg = Release|Win32
		{9AB7FB1C-5883-32AA-953B-38261AE5B26C}.Release|Win32.Build.0 = Release|Win32
		{9AB7FB1C-5883-32AA-953B-38261AE5B26C}.MinSizeRel|Win32.ActiveCfg = MinSizeRel|Win32
		{9AB7FB1C-5883-32AA-953B-38261AE5B26C}.MinSizeRel|Win32.Build.0 = MinSizeRel|Win32
		{9AB7FB1C-5883-32AA-953B-38261AE5B26C}.RelWithDebInfo|Win32.ActiveCfg = RelWithDebInfo|Win32
		{9AB7FB1C-5883-32AA-953B-38261AE5B26C}.RelWithDebInfo|Win32.Build.0 = RelWithDebInfo|Win32
		{421D581A-B84C-3EC9-889F-55C106F7B72A}.Debug|Win32.ActiveCfg = Debug|Win32
		{421D581A-B84C-3EC9-889F-55C106F7B72A}.Debug|Win32.Build.0 = Debug|Win32
		{421D581A-B84C-3EC9-889F-55C106F7B72A}.Release|Win32.ActiveCfg = Release|Win32
		{421D581A-B84C-3EC9-889F-55C106F7B72A}.Release|Win32.Build.0 = Release|Win32
		{421D581A-B84C-3EC9-889F-55C106F7B72A}.MinSizeRel|Win32.ActiveCfg = MinSizeRel|Win32
		{421D581A-B84C-3EC9-889F-55C106F7B72A}.MinSizeRel|Win32.Build.0 = MinSizeRel|Win32
		{421D581A-B84C-3EC9-889F-55C106F7B72A}.RelWithDebInfo|Win32.ActiveCfg = RelWithDebInfo|Win32
		{421D581A-B84C-3EC9-889F-55C106F7B72A}.RelWithDebInfo|Win32.Build.0 = RelWithDebInfo|Win32
		{6D027176-9E59-3A55-84DE-9A23DDDA0C91}.Debug|Win32.ActiveCfg = Debug|Win32
		{6D027176-9E59-3A55-84DE-9A23DDDA0C91}.Debug|Win32.Build.0 = Debug|Win32
		{6D027176-9E59-3A55-84DE-9A23DDDA0C91}.Release|Win32.ActiveCfg = Release|Win32
		{6D027176-9E59-3A55-84DE-9A23DDDA0C91}.Release|Win32.Build.0 = Release|Win32
		{6D027176-9E59-3A55-84DE-9A23DDDA0C91}.MinSizeRel|Win32.ActiveCfg = MinSizeRel|Win32
		{6D027176-9E59-3A55-84DE-9A23DDDA0C91}.MinSizeRel|Win32.Build.0 = MinSizeRel|Win32
		{6D027176-9E59-3A55-84DE-9A23DDDA0C91}.RelWithDebInfo|Win32.ActiveCfg = RelWithDebInfo|Win32
		{6D027176-9E59-3A55-84DE-9A23DDDA0C91}.RelWithDebInfo|Win32.Build.0 = RelWithDebInfo|Win32
	EndGlobalSection
	GlobalSection(ExtensibilityGlobals) = postSolution
		SolutionGuid = {876FF85F-E376-3958-9B55-4DFA0E8E8CAB}
	EndGlobalSection
	GlobalSection(ExtensibilityAddIns) = postSolution
	EndGlobalSection
EndGlobal
