
Microsoft Visual Studio Solution File, Format Version 12.00
# Visual Studio Version 16
Project("{8BC9CEB8-8B4A-11D0-8D11-00A0C91BC942}") = "ALL_BUILD", "ALL_BUILD.vcxproj", "{50D97AA8-C04F-33BA-81A6-0E7C9B0263DD}"
	ProjectSection(ProjectDependencies) = postProject
		{BB7B9B2F-34F7-3311-BC8B-EEEB0335087E} = {BB7B9B2F-34F7-3311-BC8B-EEEB0335087E}
		{C61B5C47-6B4E-3CEE-8B96-4477BE4D6C0F} = {C61B5C47-6B4E-3CEE-8B96-4477BE4D6C0F}
		{A65F1ED5-216A-3C29-A694-060A48EB61C6} = {A65F1ED5-216A-3C29-A694-060A48EB61C6}
		{531A6C5D-AA15-3A5F-A377-161E1C98F7D7} = {531A6C5D-AA15-3A5F-A377-161E1C98F7D7}
		{7468BD84-B2A6-3A91-B919-C4A8BE43ADC2} = {7468BD84-B2A6-3A91-B919-C4A8BE43ADC2}
	EndProjectSection
EndProject
Project("{8BC9CEB8-8B4A-11D0-8D11-00A0C91BC942}") = "INSTALL", "INSTALL.vcxproj", "{CBACE067-127D-3FC3-A1A9-701A8F16DFE1}"
	ProjectSection(ProjectDependencies) = postProject
		{50D97AA8-C04F-33BA-81A6-0E7C9B0263DD} = {50D97AA8-C04F-33BA-81A6-0E7C9B0263DD}
		{BB7B9B2F-34F7-3311-BC8B-EEEB0335087E} = {BB7B9B2F-34F7-3311-BC8B-EEEB0335087E}
	EndProjectSection
EndProject
Project("{8BC9CEB8-8B4A-11D0-8D11-00A0C91BC942}") = "RUN_TESTS", "RUN_TESTS.vcxproj", "{E8CA5A70-6E87-3C8E-96AB-2467A83A6680}"
	ProjectSection(ProjectDependencies) = postProject
		{BB7B9B2F-34F7-3311-BC8B-EEEB0335087E} = {BB7B9B2F-34F7-3311-BC8B-EEEB0335087E}
	EndProjectSection
EndProject
Project("{8BC9CEB8-8B4A-11D0-8D11-00A0C91BC942}") = "ZERO_CHECK", "ZERO_CHECK.vcxproj", "{BB7B9B2F-34F7-3311-BC8B-EEEB0335087E}"
	ProjectSection(ProjectDependencies) = postProject
	EndProjectSection
EndProject
Project("{8BC9CEB8-8B4A-11D0-8D11-00A0C91BC942}") = "example", "example.vcxproj", "{C61B5C47-6B4E-3CEE-8B96-4477BE4D6C0F}"
	ProjectSection(ProjectDependencies) = postProject
		{BB7B9B2F-34F7-3311-BC8B-EEEB0335087E} = {BB7B9B2F-34F7-3311-BC8B-EEEB0335087E}
		{531A6C5D-AA15-3A5F-A377-161E1C98F7D7} = {531A6C5D-AA15-3A5F-A377-161E1C98F7D7}
	EndProjectSection
EndProject
Project("{8BC9CEB8-8B4A-11D0-8D11-00A0C91BC942}") = "minigzip", "minigzip.vcxproj", "{A65F1ED5-216A-3C29-A694-060A48EB61C6}"
	ProjectSection(ProjectDependencies) = postProject
		{BB7B9B2F-34F7-3311-BC8B-EEEB0335087E} = {BB7B9B2F-34F7-3311-BC8B-EEEB0335087E}
		{531A6C5D-AA15-3A5F-A377-161E1C98F7D7} = {531A6C5D-AA15-3A5F-A377-161E1C98F7D7}
	EndProjectSection
EndProject
Project("{8BC9CEB8-8B4A-11D0-8D11-00A0C91BC942}") = "zlib", "zlib.vcxproj", "{531A6C5D-AA15-3A5F-A377-161E1C98F7D7}"
	ProjectSection(ProjectDependencies) = postProject
		{BB7B9B2F-34F7-3311-BC8B-EEEB0335087E} = {BB7B9B2F-34F7-3311-BC8B-EEEB0335087E}
	EndProjectSection
EndProject
Project("{8BC9CEB8-8B4A-11D0-8D11-00A0C91BC942}") = "zlibstatic", "zlibstatic.vcxproj", "{7468BD84-B2A6-3A91-B919-C4A8BE43ADC2}"
	ProjectSection(ProjectDependencies) = postProject
		{BB7B9B2F-34F7-3311-BC8B-EEEB0335087E} = {BB7B9B2F-34F7-3311-BC8B-EEEB0335087E}
	EndProjectSection
EndProject
Global
	GlobalSection(SolutionConfigurationPlatforms) = preSolution
		Debug|Win32 = Debug|Win32
		Release|Win32 = Release|Win32
		MinSizeRel|Win32 = MinSizeRel|Win32
		RelWithDebInfo|Win32 = RelWithDebInfo|Win32
	EndGlobalSection
	GlobalSection(ProjectConfigurationPlatforms) = postSolution
		{50D97AA8-C04F-33BA-81A6-0E7C9B0263DD}.Debug|Win32.ActiveCfg = Debug|Win32
		{50D97AA8-C04F-33BA-81A6-0E7C9B0263DD}.Debug|Win32.Build.0 = Debug|Win32
		{50D97AA8-C04F-33BA-81A6-0E7C9B0263DD}.Release|Win32.ActiveCfg = Release|Win32
		{50D97AA8-C04F-33BA-81A6-0E7C9B0263DD}.Release|Win32.Build.0 = Release|Win32
		{50D97AA8-C04F-33BA-81A6-0E7C9B0263DD}.MinSizeRel|Win32.ActiveCfg = MinSizeRel|Win32
		{50D97AA8-C04F-33BA-81A6-0E7C9B0263DD}.MinSizeRel|Win32.Build.0 = MinSizeRel|Win32
		{50D97AA8-C04F-33BA-81A6-0E7C9B0263DD}.RelWithDebInfo|Win32.ActiveCfg = RelWithDebInfo|Win32
		{50D97AA8-C04F-33BA-81A6-0E7C9B0263DD}.RelWithDebInfo|Win32.Build.0 = RelWithDebInfo|Win32
		{CBACE067-127D-3FC3-A1A9-701A8F16DFE1}.Debug|Win32.ActiveCfg = Debug|Win32
		{CBACE067-127D-3FC3-A1A9-701A8F16DFE1}.Release|Win32.ActiveCfg = Release|Win32
		{CBACE067-127D-3FC3-A1A9-701A8F16DFE1}.MinSizeRel|Win32.ActiveCfg = MinSizeRel|Win32
		{CBACE067-127D-3FC3-A1A9-701A8F16DFE1}.RelWithDebInfo|Win32.ActiveCfg = RelWithDebInfo|Win32
		{E8CA5A70-6E87-3C8E-96AB-2467A83A6680}.Debug|Win32.ActiveCfg = Debug|Win32
		{E8CA5A70-6E87-3C8E-96AB-2467A83A6680}.Release|Win32.ActiveCfg = Release|Win32
		{E8CA5A70-6E87-3C8E-96AB-2467A83A6680}.MinSizeRel|Win32.ActiveCfg = MinSizeRel|Win32
		{E8CA5A70-6E87-3C8E-96AB-2467A83A6680}.RelWithDebInfo|Win32.ActiveCfg = RelWithDebInfo|Win32
		{BB7B9B2F-34F7-3311-BC8B-EEEB0335087E}.Debug|Win32.ActiveCfg = Debug|Win32
		{BB7B9B2F-34F7-3311-BC8B-EEEB0335087E}.Debug|Win32.Build.0 = Debug|Win32
		{BB7B9B2F-34F7-3311-BC8B-EEEB0335087E}.Release|Win32.ActiveCfg = Release|Win32
		{BB7B9B2F-34F7-3311-BC8B-EEEB0335087E}.Release|Win32.Build.0 = Release|Win32
		{BB7B9B2F-34F7-3311-BC8B-EEEB0335087E}.MinSizeRel|Win32.ActiveCfg = MinSizeRel|Win32
		{BB7B9B2F-34F7-3311-BC8B-EEEB0335087E}.MinSizeRel|Win32.Build.0 = MinSizeRel|Win32
		{BB7B9B2F-34F7-3311-BC8B-EEEB0335087E}.RelWithDebInfo|Win32.ActiveCfg = RelWithDebInfo|Win32
		{BB7B9B2F-34F7-3311-BC8B-EEEB0335087E}.RelWithDebInfo|Win32.Build.0 = RelWithDebInfo|Win32
		{C61B5C47-6B4E-3CEE-8B96-4477BE4D6C0F}.Debug|Win32.ActiveCfg = Debug|Win32
		{C61B5C47-6B4E-3CEE-8B96-4477BE4D6C0F}.Debug|Win32.Build.0 = Debug|Win32
		{C61B5C47-6B4E-3CEE-8B96-4477BE4D6C0F}.Release|Win32.ActiveCfg = Release|Win32
		{C61B5C47-6B4E-3CEE-8B96-4477BE4D6C0F}.Release|Win32.Build.0 = Release|Win32
		{C61B5C47-6B4E-3CEE-8B96-4477BE4D6C0F}.MinSizeRel|Win32.ActiveCfg = MinSizeRel|Win32
		{C61B5C47-6B4E-3CEE-8B96-4477BE4D6C0F}.MinSizeRel|Win32.Build.0 = MinSizeRel|Win32
		{C61B5C47-6B4E-3CEE-8B96-4477BE4D6C0F}.RelWithDebInfo|Win32.ActiveCfg = RelWithDebInfo|Win32
		{C61B5C47-6B4E-3CEE-8B96-4477BE4D6C0F}.RelWithDebInfo|Win32.Build.0 = RelWithDebInfo|Win32
		{A65F1ED5-216A-3C29-A694-060A48EB61C6}.Debug|Win32.ActiveCfg = Debug|Win32
		{A65F1ED5-216A-3C29-A694-060A48EB61C6}.Debug|Win32.Build.0 = Debug|Win32
		{A65F1ED5-216A-3C29-A694-060A48EB61C6}.Release|Win32.ActiveCfg = Release|Win32
		{A65F1ED5-216A-3C29-A694-060A48EB61C6}.Release|Win32.Build.0 = Release|Win32
		{A65F1ED5-216A-3C29-A694-060A48EB61C6}.MinSizeRel|Win32.ActiveCfg = MinSizeRel|Win32
		{A65F1ED5-216A-3C29-A694-060A48EB61C6}.MinSizeRel|Win32.Build.0 = MinSizeRel|Win32
		{A65F1ED5-216A-3C29-A694-060A48EB61C6}.RelWithDebInfo|Win32.ActiveCfg = RelWithDebInfo|Win32
		{A65F1ED5-216A-3C29-A694-060A48EB61C6}.RelWithDebInfo|Win32.Build.0 = RelWithDebInfo|Win32
		{531A6C5D-AA15-3A5F-A377-161E1C98F7D7}.Debug|Win32.ActiveCfg = Debug|Win32
		{531A6C5D-AA15-3A5F-A377-161E1C98F7D7}.Debug|Win32.Build.0 = Debug|Win32
		{531A6C5D-AA15-3A5F-A377-161E1C98F7D7}.Release|Win32.ActiveCfg = Release|Win32
		{531A6C5D-AA15-3A5F-A377-161E1C98F7D7}.Release|Win32.Build.0 = Release|Win32
		{531A6C5D-AA15-3A5F-A377-161E1C98F7D7}.MinSizeRel|Win32.ActiveCfg = MinSizeRel|Win32
		{531A6C5D-AA15-3A5F-A377-161E1C98F7D7}.MinSizeRel|Win32.Build.0 = MinSizeRel|Win32
		{531A6C5D-AA15-3A5F-A377-161E1C98F7D7}.RelWithDebInfo|Win32.ActiveCfg = RelWithDebInfo|Win32
		{531A6C5D-AA15-3A5F-A377-161E1C98F7D7}.RelWithDebInfo|Win32.Build.0 = RelWithDebInfo|Win32
		{7468BD84-B2A6-3A91-B919-C4A8BE43ADC2}.Debug|Win32.ActiveCfg = Debug|Win32
		{7468BD84-B2A6-3A91-B919-C4A8BE43ADC2}.Debug|Win32.Build.0 = Debug|Win32
		{7468BD84-B2A6-3A91-B919-C4A8BE43ADC2}.Release|Win32.ActiveCfg = Release|Win32
		{7468BD84-B2A6-3A91-B919-C4A8BE43ADC2}.Release|Win32.Build.0 = Release|Win32
		{7468BD84-B2A6-3A91-B919-C4A8BE43ADC2}.MinSizeRel|Win32.ActiveCfg = MinSizeRel|Win32
		{7468BD84-B2A6-3A91-B919-C4A8BE43ADC2}.MinSizeRel|Win32.Build.0 = MinSizeRel|Win32
		{7468BD84-B2A6-3A91-B919-C4A8BE43ADC2}.RelWithDebInfo|Win32.ActiveCfg = RelWithDebInfo|Win32
		{7468BD84-B2A6-3A91-B919-C4A8BE43ADC2}.RelWithDebInfo|Win32.Build.0 = RelWithDebInfo|Win32
	EndGlobalSection
	GlobalSection(ExtensibilityGlobals) = postSolution
		SolutionGuid = {38C6BFF4-FAA1-3573-9596-7EBADDA78C8C}
	EndGlobalSection
	GlobalSection(ExtensibilityAddIns) = postSolution
	EndGlobalSection
EndGlobal
