
Microsoft Visual Studio Solution File, Format Version 12.00
# Visual Studio Version 16
Project("{8BC9CEB8-8B4A-11D0-8D11-00A0C91BC942}") = "ALL_BUILD", "ALL_BUILD.vcxproj", "{C14AE2EE-304A-3DAD-A841-8EAD519ECC08}"
	ProjectSection(ProjectDependencies) = postProject
		{5AA1A716-8F13-3A46-9713-03EBA8506278} = {5AA1A716-8F13-3A46-9713-03EBA8506278}
		{6FCF090F-75DF-3DFE-AA91-78545B32659A} = {6FCF090F-75DF-3DFE-AA91-78545B32659A}
		{895B5337-D7FB-38D5-808F-8B0A74339AD9} = {895B5337-D7FB-38D5-808F-8B0A74339AD9}
		{76F8643B-AB9E-32A7-82AB-A3C79A038548} = {76F8643B-AB9E-32A7-82AB-A3C79A038548}
		{A4D6622D-0234-30FF-B094-91ECB07B227F} = {A4D6622D-0234-30FF-B094-91ECB07B227F}
	EndProjectSection
EndProject
Project("{8BC9CEB8-8B4A-11D0-8D11-00A0C91BC942}") = "Continuous", "Continuous.vcxproj", "{6FA6B07C-2106-3CC2-9593-1321EE0201EA}"
	ProjectSection(ProjectDependencies) = postProject
		{5AA1A716-8F13-3A46-9713-03EBA8506278} = {5AA1A716-8F13-3A46-9713-03EBA8506278}
	EndProjectSection
EndProject
Project("{8BC9CEB8-8B4A-11D0-8D11-00A0C91BC942}") = "Experimental", "Experimental.vcxproj", "{70DAF615-43FD-358F-9471-EEA57EE2BD11}"
	ProjectSection(ProjectDependencies) = postProject
		{5AA1A716-8F13-3A46-9713-03EBA8506278} = {5AA1A716-8F13-3A46-9713-03EBA8506278}
	EndProjectSection
EndProject
Project("{8BC9CEB8-8B4A-11D0-8D11-00A0C91BC942}") = "INSTALL", "INSTALL.vcxproj", "{B9810EBA-5CB6-3C72-800D-1C68729FA248}"
	ProjectSection(ProjectDependencies) = postProject
		{C14AE2EE-304A-3DAD-A841-8EAD519ECC08} = {C14AE2EE-304A-3DAD-A841-8EAD519ECC08}
		{5AA1A716-8F13-3A46-9713-03EBA8506278} = {5AA1A716-8F13-3A46-9713-03EBA8506278}
	EndProjectSection
EndProject
Project("{8BC9CEB8-8B4A-11D0-8D11-00A0C91BC942}") = "Nightly", "Nightly.vcxproj", "{069F1F58-73CC-3C65-9695-182CFA621EC7}"
	ProjectSection(ProjectDependencies) = postProject
		{5AA1A716-8F13-3A46-9713-03EBA8506278} = {5AA1A716-8F13-3A46-9713-03EBA8506278}
	EndProjectSection
EndProject
Project("{8BC9CEB8-8B4A-11D0-8D11-00A0C91BC942}") = "NightlyMemoryCheck", "NightlyMemoryCheck.vcxproj", "{302F5DE5-1F7C-3F40-B30C-FF6823E7EC7D}"
	ProjectSection(ProjectDependencies) = postProject
		{5AA1A716-8F13-3A46-9713-03EBA8506278} = {5AA1A716-8F13-3A46-9713-03EBA8506278}
	EndProjectSection
EndProject
Project("{8BC9CEB8-8B4A-11D0-8D11-00A0C91BC942}") = "PACKAGE", "PACKAGE.vcxproj", "{9703EA8D-EE34-3B43-ABFD-CB69DE286F49}"
	ProjectSection(ProjectDependencies) = postProject
		{C14AE2EE-304A-3DAD-A841-8EAD519ECC08} = {C14AE2EE-304A-3DAD-A841-8EAD519ECC08}
		{5AA1A716-8F13-3A46-9713-03EBA8506278} = {5AA1A716-8F13-3A46-9713-03EBA8506278}
	EndProjectSection
EndProject
Project("{8BC9CEB8-8B4A-11D0-8D11-00A0C91BC942}") = "RUN_TESTS", "RUN_TESTS.vcxproj", "{5E0969BC-22DF-3B53-8901-4F3886AC8CC1}"
	ProjectSection(ProjectDependencies) = postProject
		{5AA1A716-8F13-3A46-9713-03EBA8506278} = {5AA1A716-8F13-3A46-9713-03EBA8506278}
	EndProjectSection
EndProject
Project("{8BC9CEB8-8B4A-11D0-8D11-00A0C91BC942}") = "ZERO_CHECK", "ZERO_CHECK.vcxproj", "{5AA1A716-8F13-3A46-9713-03EBA8506278}"
	ProjectSection(ProjectDependencies) = postProject
	EndProjectSection
EndProject
Project("{8BC9CEB8-8B4A-11D0-8D11-00A0C91BC942}") = "Zipper", "Zipper.vcxproj", "{6FCF090F-75DF-3DFE-AA91-78545B32659A}"
	ProjectSection(ProjectDependencies) = postProject
		{5AA1A716-8F13-3A46-9713-03EBA8506278} = {5AA1A716-8F13-3A46-9713-03EBA8506278}
	EndProjectSection
EndProject
Project("{8BC9CEB8-8B4A-11D0-8D11-00A0C91BC942}") = "Zipper-static", "Zipper-static.vcxproj", "{895B5337-D7FB-38D5-808F-8B0A74339AD9}"
	ProjectSection(ProjectDependencies) = postProject
		{5AA1A716-8F13-3A46-9713-03EBA8506278} = {5AA1A716-8F13-3A46-9713-03EBA8506278}
	EndProjectSection
EndProject
Project("{8BC9CEB8-8B4A-11D0-8D11-00A0C91BC942}") = "Zipper-test", "Zipper-test.vcxproj", "{76F8643B-AB9E-32A7-82AB-A3C79A038548}"
	ProjectSection(ProjectDependencies) = postProject
		{5AA1A716-8F13-3A46-9713-03EBA8506278} = {5AA1A716-8F13-3A46-9713-03EBA8506278}
		{A4D6622D-0234-30FF-B094-91ECB07B227F} = {A4D6622D-0234-30FF-B094-91ECB07B227F}
	EndProjectSection
EndProject
Project("{8BC9CEB8-8B4A-11D0-8D11-00A0C91BC942}") = "check", "check.vcxproj", "{EF481A8A-7565-32B3-9F56-F10DA2328656}"
	ProjectSection(ProjectDependencies) = postProject
		{5AA1A716-8F13-3A46-9713-03EBA8506278} = {5AA1A716-8F13-3A46-9713-03EBA8506278}
	EndProjectSection
EndProject
Project("{8BC9CEB8-8B4A-11D0-8D11-00A0C91BC942}") = "dist", "dist.vcxproj", "{27A0BE35-9578-36E0-B9DE-DFC09FAF2E0E}"
	ProjectSection(ProjectDependencies) = postProject
		{5AA1A716-8F13-3A46-9713-03EBA8506278} = {5AA1A716-8F13-3A46-9713-03EBA8506278}
	EndProjectSection
EndProject
Project("{8BC9CEB8-8B4A-11D0-8D11-00A0C91BC942}") = "staticZipper", "staticZipper.vcxproj", "{A4D6622D-0234-30FF-B094-91ECB07B227F}"
	ProjectSection(ProjectDependencies) = postProject
		{5AA1A716-8F13-3A46-9713-03EBA8506278} = {5AA1A716-8F13-3A46-9713-03EBA8506278}
	EndProjectSection
EndProject
Global
	GlobalSection(SolutionConfigurationPlatforms) = preSolution
		Debug|Win32 = Debug|Win32
		Release|Win32 = Release|Win32
		MinSizeRel|Win32 = MinSizeRel|Win32
		RelWithDebInfo|Win32 = RelWithDebInfo|Win32
	EndGlobalSection
	GlobalSection(ProjectConfigurationPlatforms) = postSolution
		{C14AE2EE-304A-3DAD-A841-8EAD519ECC08}.Debug|Win32.ActiveCfg = Debug|Win32
		{C14AE2EE-304A-3DAD-A841-8EAD519ECC08}.Debug|Win32.Build.0 = Debug|Win32
		{C14AE2EE-304A-3DAD-A841-8EAD519ECC08}.Release|Win32.ActiveCfg = Release|Win32
		{C14AE2EE-304A-3DAD-A841-8EAD519ECC08}.Release|Win32.Build.0 = Release|Win32
		{C14AE2EE-304A-3DAD-A841-8EAD519ECC08}.MinSizeRel|Win32.ActiveCfg = MinSizeRel|Win32
		{C14AE2EE-304A-3DAD-A841-8EAD519ECC08}.MinSizeRel|Win32.Build.0 = MinSizeRel|Win32
		{C14AE2EE-304A-3DAD-A841-8EAD519ECC08}.RelWithDebInfo|Win32.ActiveCfg = RelWithDebInfo|Win32
		{C14AE2EE-304A-3DAD-A841-8EAD519ECC08}.RelWithDebInfo|Win32.Build.0 = RelWithDebInfo|Win32
		{6FA6B07C-2106-3CC2-9593-1321EE0201EA}.Debug|Win32.ActiveCfg = Debug|Win32
		{6FA6B07C-2106-3CC2-9593-1321EE0201EA}.Release|Win32.ActiveCfg = Release|Win32
		{6FA6B07C-2106-3CC2-9593-1321EE0201EA}.MinSizeRel|Win32.ActiveCfg = MinSizeRel|Win32
		{6FA6B07C-2106-3CC2-9593-1321EE0201EA}.RelWithDebInfo|Win32.ActiveCfg = RelWithDebInfo|Win32
		{70DAF615-43FD-358F-9471-EEA57EE2BD11}.Debug|Win32.ActiveCfg = Debug|Win32
		{70DAF615-43FD-358F-9471-EEA57EE2BD11}.Release|Win32.ActiveCfg = Release|Win32
		{70DAF615-43FD-358F-9471-EEA57EE2BD11}.MinSizeRel|Win32.ActiveCfg = MinSizeRel|Win32
		{70DAF615-43FD-358F-9471-EEA57EE2BD11}.RelWithDebInfo|Win32.ActiveCfg = RelWithDebInfo|Win32
		{B9810EBA-5CB6-3C72-800D-1C68729FA248}.Debug|Win32.ActiveCfg = Debug|Win32
		{B9810EBA-5CB6-3C72-800D-1C68729FA248}.Release|Win32.ActiveCfg = Release|Win32
		{B9810EBA-5CB6-3C72-800D-1C68729FA248}.MinSizeRel|Win32.ActiveCfg = MinSizeRel|Win32
		{B9810EBA-5CB6-3C72-800D-1C68729FA248}.RelWithDebInfo|Win32.ActiveCfg = RelWithDebInfo|Win32
		{069F1F58-73CC-3C65-9695-182CFA621EC7}.Debug|Win32.ActiveCfg = Debug|Win32
		{069F1F58-73CC-3C65-9695-182CFA621EC7}.Release|Win32.ActiveCfg = Release|Win32
		{069F1F58-73CC-3C65-9695-182CFA621EC7}.MinSizeRel|Win32.ActiveCfg = MinSizeRel|Win32
		{069F1F58-73CC-3C65-9695-182CFA621EC7}.RelWithDebInfo|Win32.ActiveCfg = RelWithDebInfo|Win32
		{302F5DE5-1F7C-3F40-B30C-FF6823E7EC7D}.Debug|Win32.ActiveCfg = Debug|Win32
		{302F5DE5-1F7C-3F40-B30C-FF6823E7EC7D}.Release|Win32.ActiveCfg = Release|Win32
		{302F5DE5-1F7C-3F40-B30C-FF6823E7EC7D}.MinSizeRel|Win32.ActiveCfg = MinSizeRel|Win32
		{302F5DE5-1F7C-3F40-B30C-FF6823E7EC7D}.RelWithDebInfo|Win32.ActiveCfg = RelWithDebInfo|Win32
		{9703EA8D-EE34-3B43-ABFD-CB69DE286F49}.Debug|Win32.ActiveCfg = Debug|Win32
		{9703EA8D-EE34-3B43-ABFD-CB69DE286F49}.Release|Win32.ActiveCfg = Release|Win32
		{9703EA8D-EE34-3B43-ABFD-CB69DE286F49}.MinSizeRel|Win32.ActiveCfg = MinSizeRel|Win32
		{9703EA8D-EE34-3B43-ABFD-CB69DE286F49}.RelWithDebInfo|Win32.ActiveCfg = RelWithDebInfo|Win32
		{5E0969BC-22DF-3B53-8901-4F3886AC8CC1}.Debug|Win32.ActiveCfg = Debug|Win32
		{5E0969BC-22DF-3B53-8901-4F3886AC8CC1}.Release|Win32.ActiveCfg = Release|Win32
		{5E0969BC-22DF-3B53-8901-4F3886AC8CC1}.MinSizeRel|Win32.ActiveCfg = MinSizeRel|Win32
		{5E0969BC-22DF-3B53-8901-4F3886AC8CC1}.RelWithDebInfo|Win32.ActiveCfg = RelWithDebInfo|Win32
		{5AA1A716-8F13-3A46-9713-03EBA8506278}.Debug|Win32.ActiveCfg = Debug|Win32
		{5AA1A716-8F13-3A46-9713-03EBA8506278}.Debug|Win32.Build.0 = Debug|Win32
		{5AA1A716-8F13-3A46-9713-03EBA8506278}.Release|Win32.ActiveCfg = Release|Win32
		{5AA1A716-8F13-3A46-9713-03EBA8506278}.Release|Win32.Build.0 = Release|Win32
		{5AA1A716-8F13-3A46-9713-03EBA8506278}.MinSizeRel|Win32.ActiveCfg = MinSizeRel|Win32
		{5AA1A716-8F13-3A46-9713-03EBA8506278}.MinSizeRel|Win32.Build.0 = MinSizeRel|Win32
		{5AA1A716-8F13-3A46-9713-03EBA8506278}.RelWithDebInfo|Win32.ActiveCfg = RelWithDebInfo|Win32
		{5AA1A716-8F13-3A46-9713-03EBA8506278}.RelWithDebInfo|Win32.Build.0 = RelWithDebInfo|Win32
		{6FCF090F-75DF-3DFE-AA91-78545B32659A}.Debug|Win32.ActiveCfg = Debug|Win32
		{6FCF090F-75DF-3DFE-AA91-78545B32659A}.Debug|Win32.Build.0 = Debug|Win32
		{6FCF090F-75DF-3DFE-AA91-78545B32659A}.Release|Win32.ActiveCfg = Release|Win32
		{6FCF090F-75DF-3DFE-AA91-78545B32659A}.Release|Win32.Build.0 = Release|Win32
		{6FCF090F-75DF-3DFE-AA91-78545B32659A}.MinSizeRel|Win32.ActiveCfg = MinSizeRel|Win32
		{6FCF090F-75DF-3DFE-AA91-78545B32659A}.MinSizeRel|Win32.Build.0 = MinSizeRel|Win32
		{6FCF090F-75DF-3DFE-AA91-78545B32659A}.RelWithDebInfo|Win32.ActiveCfg = RelWithDebInfo|Win32
		{6FCF090F-75DF-3DFE-AA91-78545B32659A}.RelWithDebInfo|Win32.Build.0 = RelWithDebInfo|Win32
		{895B5337-D7FB-38D5-808F-8B0A74339AD9}.Debug|Win32.ActiveCfg = Debug|Win32
		{895B5337-D7FB-38D5-808F-8B0A74339AD9}.Debug|Win32.Build.0 = Debug|Win32
		{895B5337-D7FB-38D5-808F-8B0A74339AD9}.Release|Win32.ActiveCfg = Release|Win32
		{895B5337-D7FB-38D5-808F-8B0A74339AD9}.Release|Win32.Build.0 = Release|Win32
		{895B5337-D7FB-38D5-808F-8B0A74339AD9}.MinSizeRel|Win32.ActiveCfg = MinSizeRel|Win32
		{895B5337-D7FB-38D5-808F-8B0A74339AD9}.MinSizeRel|Win32.Build.0 = MinSizeRel|Win32
		{895B5337-D7FB-38D5-808F-8B0A74339AD9}.RelWithDebInfo|Win32.ActiveCfg = RelWithDebInfo|Win32
		{895B5337-D7FB-38D5-808F-8B0A74339AD9}.RelWithDebInfo|Win32.Build.0 = RelWithDebInfo|Win32
		{76F8643B-AB9E-32A7-82AB-A3C79A038548}.Debug|Win32.ActiveCfg = Debug|Win32
		{76F8643B-AB9E-32A7-82AB-A3C79A038548}.Debug|Win32.Build.0 = Debug|Win32
		{76F8643B-AB9E-32A7-82AB-A3C79A038548}.Release|Win32.ActiveCfg = Release|Win32
		{76F8643B-AB9E-32A7-82AB-A3C79A038548}.Release|Win32.Build.0 = Release|Win32
		{76F8643B-AB9E-32A7-82AB-A3C79A038548}.MinSizeRel|Win32.ActiveCfg = MinSizeRel|Win32
		{76F8643B-AB9E-32A7-82AB-A3C79A038548}.MinSizeRel|Win32.Build.0 = MinSizeRel|Win32
		{76F8643B-AB9E-32A7-82AB-A3C79A038548}.RelWithDebInfo|Win32.ActiveCfg = RelWithDebInfo|Win32
		{76F8643B-AB9E-32A7-82AB-A3C79A038548}.RelWithDebInfo|Win32.Build.0 = RelWithDebInfo|Win32
		{EF481A8A-7565-32B3-9F56-F10DA2328656}.Debug|Win32.ActiveCfg = Debug|Win32
		{EF481A8A-7565-32B3-9F56-F10DA2328656}.Release|Win32.ActiveCfg = Release|Win32
		{EF481A8A-7565-32B3-9F56-F10DA2328656}.MinSizeRel|Win32.ActiveCfg = MinSizeRel|Win32
		{EF481A8A-7565-32B3-9F56-F10DA2328656}.RelWithDebInfo|Win32.ActiveCfg = RelWithDebInfo|Win32
		{27A0BE35-9578-36E0-B9DE-DFC09FAF2E0E}.Debug|Win32.ActiveCfg = Debug|Win32
		{27A0BE35-9578-36E0-B9DE-DFC09FAF2E0E}.Release|Win32.ActiveCfg = Release|Win32
		{27A0BE35-9578-36E0-B9DE-DFC09FAF2E0E}.MinSizeRel|Win32.ActiveCfg = MinSizeRel|Win32
		{27A0BE35-9578-36E0-B9DE-DFC09FAF2E0E}.RelWithDebInfo|Win32.ActiveCfg = RelWithDebInfo|Win32
		{A4D6622D-0234-30FF-B094-91ECB07B227F}.Debug|Win32.ActiveCfg = Debug|Win32
		{A4D6622D-0234-30FF-B094-91ECB07B227F}.Debug|Win32.Build.0 = Debug|Win32
		{A4D6622D-0234-30FF-B094-91ECB07B227F}.Release|Win32.ActiveCfg = Release|Win32
		{A4D6622D-0234-30FF-B094-91ECB07B227F}.Release|Win32.Build.0 = Release|Win32
		{A4D6622D-0234-30FF-B094-91ECB07B227F}.MinSizeRel|Win32.ActiveCfg = MinSizeRel|Win32
		{A4D6622D-0234-30FF-B094-91ECB07B227F}.MinSizeRel|Win32.Build.0 = MinSizeRel|Win32
		{A4D6622D-0234-30FF-B094-91ECB07B227F}.RelWithDebInfo|Win32.ActiveCfg = RelWithDebInfo|Win32
		{A4D6622D-0234-30FF-B094-91ECB07B227F}.RelWithDebInfo|Win32.Build.0 = RelWithDebInfo|Win32
	EndGlobalSection
	GlobalSection(ExtensibilityGlobals) = postSolution
		SolutionGuid = {38400EE6-4714-3BD0-AB74-0FAEE6FEFF24}
	EndGlobalSection
	GlobalSection(ExtensibilityAddIns) = postSolution
	EndGlobalSection
EndGlobal
